// !$*UTF8*$!
{
	archiveVersion = 1;
	classes = {
	};
	objectVersion = 50;
	objects = {

/* Begin PBXBuildFile section */
		20C2A6CE23692D5B00971D01 /* AppDelegate.swift in Sources */ = {isa = PBXBuildFile; fileRef = 20C2A6CD23692D5B00971D01 /* AppDelegate.swift */; };
		20C2A6D023692D5B00971D01 /* ViewController.swift in Sources */ = {isa = PBXBuildFile; fileRef = 20C2A6CF23692D5B00971D01 /* ViewController.swift */; };
		20C2A6D323692D5B00971D01 /* Main.storyboard in Resources */ = {isa = PBXBuildFile; fileRef = 20C2A6D123692D5B00971D01 /* Main.storyboard */; };
		20C2A6D523692D5D00971D01 /* Assets.xcassets in Resources */ = {isa = PBXBuildFile; fileRef = 20C2A6D423692D5D00971D01 /* Assets.xcassets */; };
		20C2A6D823692D5D00971D01 /* LaunchScreen.storyboard in Resources */ = {isa = PBXBuildFile; fileRef = 20C2A6D623692D5D00971D01 /* LaunchScreen.storyboard */; };
		20C2A6E323692D5D00971D01 /* jisuanqiTests.swift in Sources */ = {isa = PBXBuildFile; fileRef = 20C2A6E223692D5D00971D01 /* jisuanqiTests.swift */; };
		20C2A6EE23692D5D00971D01 /* jisuanqiUITests.swift in Sources */ = {isa = PBXBuildFile; fileRef = 20C2A6ED23692D5D00971D01 /* jisuanqiUITests.swift */; };
/* End PBXBuildFile section */

/* Begin PBXContainerItemProxy section */
		20C2A6DF23692D5D00971D01 /* PBXContainerItemProxy */ = {
			isa = PBXContainerItemProxy;
			containerPortal = 20C2A6C223692D5B00971D01 /* Project object */;
			proxyType = 1;
			remoteGlobalIDString = 20C2A6C923692D5B00971D01;
			remoteInfo = jisuanqi;
		};
		20C2A6EA23692D5D00971D01 /* PBXContainerItemProxy */ = {
			isa = PBXContainerItemProxy;
			containerPortal = 20C2A6C223692D5B00971D01 /* Project object */;
			proxyType = 1;
			remoteGlobalIDString = 20C2A6C923692D5B00971D01;
			remoteInfo = jisuanqi;
		};
/* End PBXContainerItemProxy section */

/* Begin PBXFileReference section */
		20C2A6CA23692D5B00971D01 /* jisuanqi.app */ = {isa = PBXFileReference; explicitFileType = wrapper.application; includeInIndex = 0; path = jisuanqi.app; sourceTree = BUILT_PRODUCTS_DIR; };
		20C2A6CD23692D5B00971D01 /* AppDelegate.swift */ = {isa = PBXFileReference; lastKnownFileType = sourcecode.swift; path = AppDelegate.swift; sourceTree = "<group>"; };
		20C2A6CF23692D5B00971D01 /* ViewController.swift */ = {isa = PBXFileReference; lastKnownFileType = sourcecode.swift; path = ViewController.swift; sourceTree = "<group>"; };
		20C2A6D223692D5B00971D01 /* Base */ = {isa = PBXFileReference; lastKnownFileType = file.storyboard; name = Base; path = Base.lproj/Main.storyboard; sourceTree = "<group>"; };
		20C2A6D423692D5D00971D01 /* Assets.xcassets */ = {isa = PBXFileReference; lastKnownFileType = folder.assetcatalog; path = Assets.xcassets; sourceTree = "<group>"; };
		20C2A6D723692D5D00971D01 /* Base */ = {isa = PBXFileReference; lastKnownFileType = file.storyboard; name = Base; path = Base.lproj/LaunchScreen.storyboard; sourceTree = "<group>"; };
		20C2A6D923692D5D00971D01 /* Info.plist */ = {isa = PBXFileReference; lastKnownFileType = text.plist.xml; path = Info.plist; sourceTree = "<group>"; };
		20C2A6DE23692D5D00971D01 /* jisuanqiTests.xctest */ = {isa = PBXFileReference; explicitFileType = wrapper.cfbundle; includeInIndex = 0; path = jisuanqiTests.xctest; sourceTree = BUILT_PRODUCTS_DIR; };
		20C2A6E223692D5D00971D01 /* jisuanqiTests.swift */ = {isa = PBXFileReference; lastKnownFileType = sourcecode.swift; path = jisuanqiTests.swift; sourceTree = "<group>"; };
		20C2A6E423692D5D00971D01 /* Info.plist */ = {isa = PBXFileReference; lastKnownFileType = text.plist.xml; path = Info.plist; sourceTree = "<group>"; };
		20C2A6E923692D5D00971D01 /* jisuanqiUITests.xctest */ = {isa = PBXFileReference; explicitFileType = wrapper.cfbundle; includeInIndex = 0; path = jisuanqiUITests.xctest; sourceTree = BUILT_PRODUCTS_DIR; };
		20C2A6ED23692D5D00971D01 /* jisuanqiUITests.swift */ = {isa = PBXFileReference; lastKnownFileType = sourcecode.swift; path = jisuanqiUITests.swift; sourceTree = "<group>"; };
		20C2A6EF23692D5D00971D01 /* Info.plist */ = {isa = PBXFileReference; lastKnownFileType = text.plist.xml; path = Info.plist; sourceTree = "<group>"; };
/* End PBXFileReference section */

/* Begin PBXFrameworksBuildPhase section */
		20C2A6C723692D5B00971D01 /* Frameworks */ = {
			isa = PBXFrameworksBuildPhase;
			buildActionMask = 2147483647;
			files = (
			);
			runOnlyForDeploymentPostprocessing = 0;
		};
		20C2A6DB23692D5D00971D01 /* Frameworks */ = {
			isa = PBXFrameworksBuildPhase;
			buildActionMask = 2147483647;
			files = (
			);
			runOnlyForDeploymentPostprocessing = 0;
		};
		20C2A6E623692D5D00971D01 /* Frameworks */ = {
			isa = PBXFrameworksBuildPhase;
			buildActionMask = 2147483647;
			files = (
			);
			runOnlyForDeploymentPostprocessing = 0;
		};
/* End PBXFrameworksBuildPhase section */

/* Begin PBXGroup section */
		20C2A6C123692D5B00971D01 = {
			isa = PBXGroup;
			children = (
				20C2A6CC23692D5B00971D01 /* jisuanqi */,
				20C2A6E123692D5D00971D01 /* jisuanqiTests */,
				20C2A6EC23692D5D00971D01 /* jisuanqiUITests */,
				20C2A6CB23692D5B00971D01 /* Products */,
			);
			sourceTree = "<group>";
		};
		20C2A6CB23692D5B00971D01 /* Products */ = {
			isa = PBXGroup;
			children = (
				20C2A6CA23692D5B00971D01 /* jisuanqi.app */,
				20C2A6DE23692D5D00971D01 /* jisuanqiTests.xctest */,
				20C2A6E923692D5D00971D01 /* jisuanqiUITests.xctest */,
			);
			name = Products;
			sourceTree = "<group>";
		};
		20C2A6CC23692D5B00971D01 /* jisuanqi */ = {
			isa = PBXGroup;
			children = (
				20C2A6CD23692D5B00971D01 /* AppDelegate.swift */,
				20C2A6CF23692D5B00971D01 /* ViewController.swift */,
				20C2A6D123692D5B00971D01 /* Main.storyboard */,
				20C2A6D423692D5D00971D01 /* Assets.xcassets */,
				20C2A6D623692D5D00971D01 /* LaunchScreen.storyboard */,
				20C2A6D923692D5D00971D01 /* Info.plist */,
			);
			path = jisuanqi;
			sourceTree = "<group>";
		};
		20C2A6E123692D5D00971D01 /* jisuanqiTests */ = {
			isa = PBXGroup;
			children = (
				20C2A6E223692D5D00971D01 /* jisuanqiTests.swift */,
				20C2A6E423692D5D00971D01 /* Info.plist */,
			);
			path = jisuanqiTests;
			sourceTree = "<group>";
		};
		20C2A6EC23692D5D00971D01 /* jisuanqiUITests */ = {
			isa = PBXGroup;
			children = (
				20C2A6ED23692D5D00971D01 /* jisuanqiUITests.swift */,
				20C2A6EF23692D5D00971D01 /* Info.plist */,
			);
			path = jisuanqiUITests;
			sourceTree = "<group>";
		};
/* End PBXGroup section */

/* Begin PBXNativeTarget section */
		20C2A6C923692D5B00971D01 /* jisuanqi */ = {
			isa = PBXNativeTarget;
			buildConfigurationList = 20C2A6F223692D5D00971D01 /* Build configuration list for PBXNativeTarget "jisuanqi" */;
			buildPhases = (
				20C2A6C623692D5B00971D01 /* Sources */,
				20C2A6C723692D5B00971D01 /* Frameworks */,
				20C2A6C823692D5B00971D01 /* Resources */,
			);
			buildRules = (
			);
			dependencies = (
			);
			name = jisuanqi;
			productName = jisuanqi;
			productReference = 20C2A6CA23692D5B00971D01 /* jisuanqi.app */;
			productType = "com.apple.product-type.application";
		};
		20C2A6DD23692D5D00971D01 /* jisuanqiTests */ = {
			isa = PBXNativeTarget;
			buildConfigurationList = 20C2A6F523692D5D00971D01 /* Build configuration list for PBXNativeTarget "jisuanqiTests" */;
			buildPhases = (
				20C2A6DA23692D5D00971D01 /* Sources */,
				20C2A6DB23692D5D00971D01 /* Frameworks */,
				20C2A6DC23692D5D00971D01 /* Resources */,
			);
			buildRules = (
			);
			dependencies = (
				20C2A6E023692D5D00971D01 /* PBXTargetDependency */,
			);
			name = jisuanqiTests;
			productName = jisuanqiTests;
			productReference = 20C2A6DE23692D5D00971D01 /* jisuanqiTests.xctest */;
			productType = "com.apple.product-type.bundle.unit-test";
		};
		20C2A6E823692D5D00971D01 /* jisuanqiUITests */ = {
			isa = PBXNativeTarget;
			buildConfigurationList = 20C2A6F823692D5D00971D01 /* Build configuration list for PBXNativeTarget "jisuanqiUITests" */;
			buildPhases = (
				20C2A6E523692D5D00971D01 /* Sources */,
				20C2A6E623692D5D00971D01 /* Frameworks */,
				20C2A6E723692D5D00971D01 /* Resources */,
			);
			buildRules = (
			);
			dependencies = (
				20C2A6EB23692D5D00971D01 /* PBXTargetDependency */,
			);
			name = jisuanqiUITests;
			productName = jisuanqiUITests;
			productReference = 20C2A6E923692D5D00971D01 /* jisuanqiUITests.xctest */;
			productType = "com.apple.product-type.bundle.ui-testing";
		};
/* End PBXNativeTarget section */

/* Begin PBXProject section */
		20C2A6C223692D5B00971D01 /* Project object */ = {
			isa = PBXProject;
			attributes = {
				LastSwiftUpdateCheck = 1000;
				LastUpgradeCheck = 1000;
				ORGANIZATIONNAME = wjx;
				TargetAttributes = {
					20C2A6C923692D5B00971D01 = {
						CreatedOnToolsVersion = 10.0;
					};
					20C2A6DD23692D5D00971D01 = {
						CreatedOnToolsVersion = 10.0;
						TestTargetID = 20C2A6C923692D5B00971D01;
					};
					20C2A6E823692D5D00971D01 = {
						CreatedOnToolsVersion = 10.0;
						TestTargetID = 20C2A6C923692D5B00971D01;
					};
				};
			};
			buildConfigurationList = 20C2A6C523692D5B00971D01 /* Build configuration list for PBXProject "jisuanqi" */;
			compatibilityVersion = "Xcode 9.3";
			developmentRegion = en;
			hasScannedForEncodings = 0;
			knownRegions = (
				en,
				Base,
			);
			mainGroup = 20C2A6C123692D5B00971D01;
			productRefGroup = 20C2A6CB23692D5B00971D01 /* Products */;
			projectDirPath = "";
			projectRoot = "";
			targets = (
				20C2A6C923692D5B00971D01 /* jisuanqi */,
				20C2A6DD23692D5D00971D01 /* jisuanqiTests */,
				20C2A6E823692D5D00971D01 /* jisuanqiUITests */,
			);
		};
/* End PBXProject section */

/* Begin PBXResourcesBuildPhase section */
		20C2A6C823692D5B00971D01 /* Resources */ = {
			isa = PBXResourcesBuildPhase;
			buildActionMask = 2147483647;
			files = (
				20C2A6D823692D5D00971D01 /* LaunchScreen.storyboard in Resources */,
				20C2A6D523692D5D00971D01 /* Assets.xcassets in Resources */,
				20C2A6D323692D5B00971D01 /* Main.storyboard in Resources */,
			);
			runOnlyForDeploymentPostprocessing = 0;
		};
		20C2A6DC23692D5D00971D01 /* Resources */ = {
			isa = PBXResourcesBuildPhase;
			buildActionMask = 2147483647;
			files = (
			);
			runOnlyForDeploymentPostprocessing = 0;
		};
		20C2A6E723692D5D00971D01 /* Resources */ = {
			isa = PBXResourcesBuildPhase;
			buildActionMask = 2147483647;
			files = (
			);
			runOnlyForDeploymentPostprocessing = 0;
		};
/* End PBXResourcesBuildPhase section */

/* Begin PBXSourcesBuildPhase section */
		20C2A6C623692D5B00971D01 /* Sources */ = {
			isa = PBXSourcesBuildPhase;
			buildActionMask = 2147483647;
			files = (
				20C2A6D023692D5B00971D01 /* ViewController.swift in Sources */,
				20C2A6CE23692D5B00971D01 /* AppDelegate.swift in Sources */,
			);
			runOnlyForDeploymentPostprocessing = 0;
		};
		20C2A6DA23692D5D00971D01 /* Sources */ = {
			isa = PBXSourcesBuildPhase;
			buildActionMask = 2147483647;
			files = (
				20C2A6E323692D5D00971D01 /* jisuanqiTests.swift in Sources */,
			);
			runOnlyForDeploymentPostprocessing = 0;
		};
		20C2A6E523692D5D00971D01 /* Sources */ = {
			isa = PBXSourcesBuildPhase;
			buildActionMask = 2147483647;
			files = (
				20C2A6EE23692D5D00971D01 /* jisuanqiUITests.swift in Sources */,
			);
			runOnlyForDeploymentPostprocessing = 0;
		};
/* End PBXSourcesBuildPhase section */

/* Begin PBXTargetDependency section */
		20C2A6E023692D5D00971D01 /* PBXTargetDependency */ = {
			isa = PBXTargetDependency;
			target = 20C2A6C923692D5B00971D01 /* jisuanqi */;
			targetProxy = 20C2A6DF23692D5D00971D01 /* PBXContainerItemProxy */;
		};
		20C2A6EB23692D5D00971D01 /* PBXTargetDependency */ = {
			isa = PBXTargetDependency;
			target = 20C2A6C923692D5B00971D01 /* jisuanqi */;
			targetProxy = 20C2A6EA23692D5D00971D01 /* PBXContainerItemProxy */;
		};
/* End PBXTargetDependency section */

/* Begin PBXVariantGroup section */
		20C2A6D123692D5B00971D01 /* Main.storyboard */ = {
			isa = PBXVariantGroup;
			children = (
				20C2A6D223692D5B00971D01 /* Base */,
			);
			name = Main.storyboard;
			sourceTree = "<group>";
		};
		20C2A6D623692D5D00971D01 /* LaunchScreen.storyboard */ = {
			isa = PBXVariantGroup;
			children = (
				20C2A6D723692D5D00971D01 /* Base */,
			);
			name = LaunchScreen.storyboard;
			sourceTree = "<group>";
		};
/* End PBXVariantGroup section */

/* Begin XCBuildConfiguration section */
		20C2A6F023692D5D00971D01 /* Debug */ = {
			isa = XCBuildConfiguration;
			buildSettings = {
				ALWAYS_SEARCH_USER_PATHS = NO;
				CLANG_ANALYZER_NONNULL = YES;
				CLANG_ANALYZER_NUMBER_OBJECT_CONVERSION = YES_AGGRESSIVE;
				CLANG_CXX_LANGUAGE_STANDARD = "gnu++14";
				CLANG_CXX_LIBRARY = "libc++";
				CLANG_ENABLE_MODULES = YES;
				CLANG_ENABLE_OBJC_ARC = YES;
				CLANG_ENABLE_OBJC_WEAK = YES;
				CLANG_WARN_BLOCK_CAPTURE_AUTORELEASING = YES;
				CLANG_WARN_BOOL_CONVERSION = YES;
				CLANG_WARN_COMMA = YES;
				CLANG_WARN_CONSTANT_CONVERSION = YES;
				CLANG_WARN_DEPRECATED_OBJC_IMPLEMENTATIONS = YES;
				CLANG_WARN_DIRECT_OBJC_ISA_USAGE = YES_ERROR;
				CLANG_WARN_DOCUMENTATION_COMMENTS = YES;
				CLANG_WARN_EMPTY_BODY = YES;
				CLANG_WARN_ENUM_CONVERSION = YES;
				CLANG_WARN_INFINITE_RECURSION = YES;
				CLANG_WARN_INT_CONVERSION = YES;
				CLANG_WARN_NON_LITERAL_NULL_CONVERSION = YES;
				CLANG_WARN_OBJC_IMPLICIT_RETAIN_SELF = YES;
				CLANG_WARN_OBJC_LITERAL_CONVERSION = YES;
				CLANG_WARN_OBJC_ROOT_CLASS = YES_ERROR;
				CLANG_WARN_RANGE_LOOP_ANALYSIS = YES;
				CLANG_WARN_STRICT_PROTOTYPES = YES;
				CLANG_WARN_SUSPICIOUS_MOVE = YES;
				CLANG_WARN_UNGUARDED_AVAILABILITY = YES_AGGRESSIVE;
				CLANG_WARN_UNREACHABLE_CODE = YES;
				CLANG_WARN__DUPLICATE_METHOD_MATCH = YES;
				CODE_SIGN_IDENTITY = "iPhone Developer";
				COPY_PHASE_STRIP = NO;
				DEBUG_INFORMATION_FORMAT = dwarf;
				ENABLE_STRICT_OBJC_MSGSEND = YES;
				ENABLE_TESTABILITY = YES;
				GCC_C_LANGUAGE_STANDARD = gnu11;
				GCC_DYNAMIC_NO_PIC = NO;
				GCC_NO_COMMON_BLOCKS = YES;
				GCC_OPTIMIZATION_LEVEL = 0;
				GCC_PREPROCESSOR_DEFINITIONS = (
					"DEBUG=1",
					"$(inherited)",
				);
				GCC_WARN_64_TO_32_BIT_CONVERSION = YES;
				GCC_WARN_ABOUT_RETURN_TYPE = YES_ERROR;
				GCC_WARN_UNDECLARED_SELECTOR = YES;
				GCC_WARN_UNINITIALIZED_AUTOS = YES_AGGRESSIVE;
				GCC_WARN_UNUSED_FUNCTION = YES;
				GCC_WARN_UNUSED_VARIABLE = YES;
				IPHONEOS_DEPLOYMENT_TARGET = 12.0;
				MTL_ENABLE_DEBUG_INFO = INCLUDE_SOURCE;
				MTL_FAST_MATH = YES;
				ONLY_ACTIVE_ARCH = YES;
				SDKROOT = iphoneos;
				SWIFT_ACTIVE_COMPILATION_CONDITIONS = DEBUG;
				SWIFT_OPTIMIZATION_LEVEL = "-Onone";
			};
			name = Debug;
		};
		20C2A6F123692D5D00971D01 /* Release */ = {
			isa = XCBuildConfiguration;
			buildSettings = {
				ALWAYS_SEARCH_USER_PATHS = NO;
				CLANG_ANALYZER_NONNULL = YES;
				CLANG_ANALYZER_NUMBER_OBJECT_CONVERSION = YES_AGGRESSIVE;
				CLANG_CXX_LANGUAGE_STANDARD = "gnu++14";
				CLANG_CXX_LIBRARY = "libc++";
				CLANG_ENABLE_MODULES = YES;
				CLANG_ENABLE_OBJC_ARC = YES;
				CLANG_ENABLE_OBJC_WEAK = YES;
				CLANG_WARN_BLOCK_CAPTURE_AUTORELEASING = YES;
				CLANG_WARN_BOOL_CONVERSION = YES;
				CLANG_WARN_COMMA = YES;
				CLANG_WARN_CONSTANT_CONVERSION = YES;
				CLANG_WARN_DEPRECATED_OBJC_IMPLEMENTATIONS = YES;
				CLANG_WARN_DIRECT_OBJC_ISA_USAGE = YES_ERROR;
				CLANG_WARN_DOCUMENTATION_COMMENTS = YES;
				CLANG_WARN_EMPTY_BODY = YES;
				CLANG_WARN_ENUM_CONVERSION = YES;
				CLANG_WARN_INFINITE_RECURSION = YES;
				CLANG_WARN_INT_CONVERSION = YES;
				CLANG_WARN_NON_LITERAL_NULL_CONVERSION = YES;
				CLANG_WARN_OBJC_IMPLICIT_RETAIN_SELF = YES;
				CLANG_WARN_OBJC_LITERAL_CONVERSION = YES;
				CLANG_WARN_OBJC_ROOT_CLASS = YES_ERROR;
				CLANG_WARN_RANGE_LOOP_ANALYSIS = YES;
				CLANG_WARN_STRICT_PROTOTYPES = YES;
				CLANG_WARN_SUSPICIOUS_MOVE = YES;
				CLANG_WARN_UNGUARDED_AVAILABILITY = YES_AGGRESSIVE;
				CLANG_WARN_UNREACHABLE_CODE = YES;
				CLANG_WARN__DUPLICATE_METHOD_MATCH = YES;
				CODE_SIGN_IDENTITY = "iPhone Developer";
				COPY_PHASE_STRIP = NO;
				DEBUG_INFORMATION_FORMAT = "dwarf-with-dsym";
				ENABLE_NS_ASSERTIONS = NO;
				ENABLE_STRICT_OBJC_MSGSEND = YES;
				GCC_C_LANGUAGE_STANDARD = gnu11;
				GCC_NO_COMMON_BLOCKS = YES;
				GCC_WARN_64_TO_32_BIT_CONVERSION = YES;
				GCC_WARN_ABOUT_RETURN_TYPE = YES_ERROR;
				GCC_WARN_UNDECLARED_SELECTOR = YES;
				GCC_WARN_UNINITIALIZED_AUTOS = YES_AGGRESSIVE;
				GCC_WARN_UNUSED_FUNCTION = YES;
				GCC_WARN_UNUSED_VARIABLE = YES;
				IPHONEOS_DEPLOYMENT_TARGET = 12.0;
				MTL_ENABLE_DEBUG_INFO = NO;
				MTL_FAST_MATH = YES;
				SDKROOT = iphoneos;
				SWIFT_COMPILATION_MODE = wholemodule;
				SWIFT_OPTIMIZATION_LEVEL = "-O";
				VALIDATE_PRODUCT = YES;
			};
			name = Release;
		};
		20C2A6F323692D5D00971D01 /* Debug */ = {
			isa = XCBuildConfiguration;
			buildSettings = {
				ASSETCATALOG_COMPILER_APPICON_NAME = AppIcon;
				CODE_SIGN_STYLE = Automatic;
				INFOPLIST_FILE = jisuanqi/Info.plist;
				LD_RUNPATH_SEARCH_PATHS = (
					"$(inherited)",
					"@executable_path/Frameworks",
				);
				PRODUCT_BUNDLE_IDENTIFIER = xjw.jisuanqi;
				PRODUCT_NAME = "$(TARGET_NAME)";
				SWIFT_VERSION = 4.2;
				TARGETED_DEVICE_FAMILY = "1,2";
			};
			name = Debug;
		};
		20C2A6F423692D5D00971D01 /* Release */ = {
			isa = XCBuildConfiguration;
			buildSettings = {
				ASSETCATALOG_COMPILER_APPICON_NAME = AppIcon;
				CODE_SIGN_STYLE = Automatic;
				INFOPLIST_FILE = jisuanqi/Info.plist;
				LD_RUNPATH_SEARCH_PATHS = (
					"$(inherited)",
					"@executable_path/Frameworks",
				);
				PRODUCT_BUNDLE_IDENTIFIER = xjw.jisuanqi;
				PRODUCT_NAME = "$(TARGET_NAME)";
				SWIFT_VERSION = 4.2;
				TARGETED_DEVICE_FAMILY = "1,2";
			};
			name = Release;
		};
		20C2A6F623692D5D00971D01 /* Debug */ = {
			isa = XCBuildConfiguration;
			buildSettings = {
				ALWAYS_EMBED_SWIFT_STANDARD_LIBRARIES = YES;
				BUNDLE_LOADER = "$(TEST_HOST)";
				CODE_SIGN_STYLE = Automatic;
				INFOPLIST_FILE = jisuanqiTests/Info.plist;
				LD_RUNPATH_SEARCH_PATHS = (
					"$(inherited)",
					"@executable_path/Frameworks",
					"@loader_path/Frameworks",
				);
				PRODUCT_BUNDLE_IDENTIFIER = xjw.jisuanqiTests;
				PRODUCT_NAME = "$(TARGET_NAME)";
				SWIFT_VERSION = 4.2;
				TARGETED_DEVICE_FAMILY = "1,2";
				TEST_HOST = "$(BUILT_PRODUCTS_DIR)/jisuanqi.app/jisuanqi";
			};
			name = Debug;
		};
		20C2A6F723692D5D00971D01 /* Release */ = {
			isa = XCBuildConfiguration;
			buildSettings = {
				ALWAYS_EMBED_SWIFT_STANDARD_LIBRARIES = YES;
				BUNDLE_LOADER = "$(TEST_HOST)";
				CODE_SIGN_STYLE = Automatic;
				INFOPLIST_FILE = jisuanqiTests/Info.plist;
				LD_RUNPATH_SEARCH_PATHS = (
					"$(inherited)",
					"@executable_path/Frameworks",
					"@loader_path/Frameworks",
				);
				PRODUCT_BUNDLE_IDENTIFIER = xjw.jisuanqiTests;
				PRODUCT_NAME = "$(TARGET_NAME)";
				SWIFT_VERSION = 4.2;
				TARGETED_DEVICE_FAMILY = "1,2";
				TEST_HOST = "$(BUILT_PRODUCTS_DIR)/jisuanqi.app/jisuanqi";
			};
			name = Release;
		};
		20C2A6F923692D5D00971D01 /* Debug */ = {
			isa = XCBuildConfiguration;
			buildSettings = {
				ALWAYS_EMBED_SWIFT_STANDARD_LIBRARIES = YES;
				CODE_SIGN_STYLE = Automatic;
				INFOPLIST_FILE = jisuanqiUITests/Info.plist;
				LD_RUNPATH_SEARCH_PATHS = (
					"$(inherited)",
					"@executable_path/Frameworks",
					"@loader_path/Frameworks",
				);
				PRODUCT_BUNDLE_IDENTIFIER = xjw.jisuanqiUITests;
				PRODUCT_NAME = "$(TARGET_NAME)";
				SWIFT_VERSION = 4.2;
				TARGETED_DEVICE_FAMILY = "1,2";
				TEST_TARGET_NAME = jisuanqi;
			};
			name = Debug;
		};
		20C2A6FA23692D5D00971D01 /* Release */ = {
			isa = XCBuildConfiguration;
			buildSettings = {
				ALWAYS_EMBED_SWIFT_STANDARD_LIBRARIES = YES;
				CODE_SIGN_STYLE = Automatic;
				INFOPLIST_FILE = jisuanqiUITests/Info.plist;
				LD_RUNPATH_SEARCH_PATHS = (
					"$(inherited)",
					"@executable_path/Frameworks",
					"@loader_path/Frameworks",
				);
				PRODUCT_BUNDLE_IDENTIFIER = xjw.jisuanqiUITests;
				PRODUCT_NAME = "$(TARGET_NAME)";
				SWIFT_VERSION = 4.2;
				TARGETED_DEVICE_FAMILY = "1,2";
				TEST_TARGET_NAME = jisuanqi;
			};
			name = Release;
		};
/* End XCBuildConfiguration section */

/* Begin XCConfigurationList section */
		20C2A6C523692D5B00971D01 /* Build configuration list for PBXProject "jisuanqi" */ = {
			isa = XCConfigurationList;
			buildConfigurations = (
				20C2A6F023692D5D00971D01 /* Debug */,
				20C2A6F123692D5D00971D01 /* Release */,
			);
			defaultConfigurationIsVisible = 0;
			defaultConfigurationName = Release;
		};
		20C2A6F223692D5D00971D01 /* Build configuration list for PBXNativeTarget "jisuanqi" */ = {
			isa = XCConfigurationList;
			buildConfigurations = (
				20C2A6F323692D5D00971D01 /* Debug */,
				20C2A6F423692D5D00971D01 /* Release */,
			);
			defaultConfigurationIsVisible = 0;
			defaultConfigurationName = Release;
		};
		20C2A6F523692D5D00971D01 /* Build configuration list for PBXNativeTarget "jisuanqiTests" */ = {
			isa = XCConfigurationList;
			buildConfigurations = (
				20C2A6F623692D5D00971D01 /* Debug */,
				20C2A6F723692D5D00971D01 /* Release */,
			);
			defaultConfigurationIsVisible = 0;
			defaultConfigurationName = Release;
		};
		20C2A6F823692D5D00971D01 /* Build configuration list for PBXNativeTarget "jisuanqiUITests" */ = {
			isa = XCConfigurationList;
			buildConfigurations = (
				20C2A6F923692D5D00971D01 /* Debug */,
				20C2A6FA23692D5D00971D01 /* Release */,
			);
			defaultConfigurationIsVisible = 0;
			defaultConfigurationName = Release;
		};
/* End XCConfigurationList section */
	};
	rootObject = 20C2A6C223692D5B00971D01 /* Project object */;
}
